github.com/nurysso/gstrings v0.0.0-20260308085107-eb6aa84b84b3 h1:w9a4rn/Zy/s3HbYicVydw2o1jokCEIto8Sf6tfV1mfg=
github.com/nurysso/gstrings v0.0.0-20260308085107-eb6aa84b84b3/go.mod h1:bGrrsqRss1vEKKGrURywDbCzSy5Crhk+T0NeFDHrteY=
github.com/nurysso/gstrings v0.0.0-20260309113716-5a3cfb248625 h1:gxP4Z3MBmX+bcVZ4xp/JfM/ytFHa0GK2H6w91SZ78K8=
github.com/nurysso/gstrings v0.0.0-20260309113716-5a3cfb248625/go.mod h1:bGrrsqRss1vEKKGrURywDbCzSy5Crhk+T0NeFDHrteY=
